{
  "lockfileVersion": 1,
  "workspaces": {
    "": {
      "name": "@sharpcodes19/form",
      "dependencies": {
        "@hookform/resolvers": "^5.0.1",
        "react-hook-form": "^7.55.0",
      },
      "devDependencies": {
        "@types/react": "^18",
        "@types/react-dom": "^18",
        "typescript": "^5",
      },
      "peerDependencies": {
        "@heroicons/react": "latest",
        "@heroui/button": "latest",
        "@heroui/input": "latest",
        "@heroui/theme": "latest",
        "react": "^18",
        "react-dom": "^18",
      },
    },
  },
  "packages": {
    "@babel/runtime": ["@babel/runtime@7.27.0", "", { "dependencies": { "regenerator-runtime": "^0.14.0" } }, "sha512-VtPOkrdPHZsKc/clNqyi9WUA8TINkZ4cGk63UUE3u4pmB2k+ZMQRDuIOagv8UVd6j7k0T3+RRIb7beKTebNbcw=="],

    "@formatjs/ecma402-abstract": ["@formatjs/ecma402-abstract@2.3.4", "", { "dependencies": { "@formatjs/fast-memoize": "2.2.7", "@formatjs/intl-localematcher": "0.6.1", "decimal.js": "^10.4.3", "tslib": "^2.8.0" } }, "sha512-qrycXDeaORzIqNhBOx0btnhpD1c+/qFIHAN9znofuMJX6QBwtbrmlpWfD4oiUUD2vJUOIYFA/gYtg2KAMGG7sA=="],

    "@formatjs/fast-memoize": ["@formatjs/fast-memoize@2.2.7", "", { "dependencies": { "tslib": "^2.8.0" } }, "sha512-Yabmi9nSvyOMrlSeGGWDiH7rf3a7sIwplbvo/dlz9WCIjzIQAfy1RMf4S0X3yG724n5Ghu2GmEl5NJIV6O9sZQ=="],

    "@formatjs/icu-messageformat-parser": ["@formatjs/icu-messageformat-parser@2.11.2", "", { "dependencies": { "@formatjs/ecma402-abstract": "2.3.4", "@formatjs/icu-skeleton-parser": "1.8.14", "tslib": "^2.8.0" } }, "sha512-AfiMi5NOSo2TQImsYAg8UYddsNJ/vUEv/HaNqiFjnI3ZFfWihUtD5QtuX6kHl8+H+d3qvnE/3HZrfzgdWpsLNA=="],

    "@formatjs/icu-skeleton-parser": ["@formatjs/icu-skeleton-parser@1.8.14", "", { "dependencies": { "@formatjs/ecma402-abstract": "2.3.4", "tslib": "^2.8.0" } }, "sha512-i4q4V4qslThK4Ig8SxyD76cp3+QJ3sAqr7f6q9VVfeGtxG9OhiAk3y9XF6Q41OymsKzsGQ6OQQoJNY4/lI8TcQ=="],

    "@formatjs/intl-localematcher": ["@formatjs/intl-localematcher@0.6.1", "", { "dependencies": { "tslib": "^2.8.0" } }, "sha512-ePEgLgVCqi2BBFnTMWPfIghu6FkbZnnBVhO2sSxvLfrdFw7wCHAHiDoM2h4NRgjbaY7+B7HgOLZGkK187pZTZg=="],

    "@heroicons/react": ["@heroicons/react@2.2.0", "", { "peerDependencies": { "react": ">= 16 || ^19.0.0-rc" } }, "sha512-LMcepvRaS9LYHJGsF0zzmgKCUim/X3N/DQKc4jepAXJ7l8QxJ1PmxJzqplF2Z3FE4PqBAIGyJAQ/w4B5dsqbtQ=="],

    "@heroui/button": ["@heroui/button@2.2.17", "", { "dependencies": { "@heroui/react-utils": "2.1.8", "@heroui/ripple": "2.2.12", "@heroui/shared-utils": "2.1.7", "@heroui/spinner": "2.2.14", "@heroui/use-aria-button": "2.2.11", "@react-aria/button": "3.12.1", "@react-aria/focus": "3.20.1", "@react-aria/interactions": "3.24.1", "@react-aria/utils": "3.28.1", "@react-types/button": "3.11.0", "@react-types/shared": "3.28.0" }, "peerDependencies": { "@heroui/system": ">=2.4.7", "@heroui/theme": ">=2.4.6", "framer-motion": ">=11.5.6 || >=12.0.0-alpha.1", "react": ">=18 || >=19.0.0-rc.0", "react-dom": ">=18 || >=19.0.0-rc.0" } }, "sha512-hT12p7okVbApxP+7PtnNq9SQ4F8arKOyPOCApESmOkWOBp4HDn6Oy45Dln3jxZqvI0AD7lvsc+qIm1FqcSTWSg=="],

    "@heroui/dom-animation": ["@heroui/dom-animation@2.1.6", "", { "peerDependencies": { "framer-motion": ">=11.5.6 || >=12.0.0-alpha.1" } }, "sha512-l4xh+y02lmoJVdLR0cjpsa7LjLIvVQCX+w+S2KW6tOoPKmHlyW/8r7h6SqPB4Ua1NZGmRHtlYmw+mw47yqyTjw=="],

    "@heroui/form": ["@heroui/form@2.1.16", "", { "dependencies": { "@heroui/react-utils": "2.1.8", "@heroui/shared-utils": "2.1.7", "@heroui/system": "2.4.13", "@heroui/theme": "2.4.13", "@react-aria/utils": "3.28.1", "@react-stately/form": "3.1.2", "@react-types/form": "3.7.10", "@react-types/shared": "3.28.0" }, "peerDependencies": { "react": ">=18", "react-dom": ">=18" } }, "sha512-o3N48rs6RQYGFOf/MMP1+Xk5qrEUWJRPieLCLU5dMR0g7YicAzZQyHmOngxOQaUk+kW+2rCbYP0jUiFAatahmA=="],

    "@heroui/input": ["@heroui/input@2.4.17", "", { "dependencies": { "@heroui/form": "2.1.16", "@heroui/react-utils": "2.1.8", "@heroui/shared-icons": "2.1.6", "@heroui/shared-utils": "2.1.7", "@heroui/use-safe-layout-effect": "2.1.6", "@react-aria/focus": "3.20.1", "@react-aria/interactions": "3.24.1", "@react-aria/textfield": "3.17.1", "@react-aria/utils": "3.28.1", "@react-stately/utils": "3.10.5", "@react-types/shared": "3.28.0", "@react-types/textfield": "3.12.0", "react-textarea-autosize": "^8.5.3" }, "peerDependencies": { "@heroui/system": ">=2.4.10", "@heroui/theme": ">=2.4.12", "react": ">=18 || >=19.0.0-rc.0", "react-dom": ">=18 || >=19.0.0-rc.0" } }, "sha512-jOUXent2GoxnX7U9iO8O1ZiOlDnLe5Ew5apLfvJCFuLX3g8jdLWDy27x1HAc2/+bNrjrtgs4cjWJ+OfEpujc8Q=="],

    "@heroui/react-rsc-utils": ["@heroui/react-rsc-utils@2.1.6", "", { "peerDependencies": { "react": ">=18 || >=19.0.0-rc.0" } }, "sha512-slBWi9g3HdnSNRhoedDhXFybaab5MveAeECzQoj4oJrIlmiezyeZWRKbWR8li2tiZtvBoEr0Xpu/A8hdni15dQ=="],

    "@heroui/react-utils": ["@heroui/react-utils@2.1.8", "", { "dependencies": { "@heroui/react-rsc-utils": "2.1.6", "@heroui/shared-utils": "2.1.7" }, "peerDependencies": { "react": ">=18 || >=19.0.0-rc.0" } }, "sha512-ET8sQaqfAWEviuZfatSYXBzyD0PpzuIK2YQkijla0TmF0sHJ3Yl4YQ6DYleWAaIJEWW1u0HgUPrdIjVGjWyKVg=="],

    "@heroui/ripple": ["@heroui/ripple@2.2.12", "", { "dependencies": { "@heroui/dom-animation": "2.1.6", "@heroui/react-utils": "2.1.8", "@heroui/shared-utils": "2.1.7" }, "peerDependencies": { "@heroui/system": ">=2.4.7", "@heroui/theme": ">=2.4.6", "framer-motion": ">=11.5.6 || >=12.0.0-alpha.1", "react": ">=18 || >=19.0.0-rc.0", "react-dom": ">=18 || >=19.0.0-rc.0" } }, "sha512-5hKlJfl05rtp/ABhmsJ/qqQjh9TgzyvBdeuvWf0K3PJVIMSp+LJly86mwlEzHEbbBwAJvdq9jxd3+R54ZMaQRw=="],

    "@heroui/shared-icons": ["@heroui/shared-icons@2.1.6", "", { "peerDependencies": { "react": ">=18 || >=19.0.0-rc.0" } }, "sha512-4Gey+FJF4XBlMw5p9D2geOEAED8xCxuksurWKUz7eAoAivRRsZJf9wwUsKvNfrmboBUoytdxpUDbVgnckx/G8A=="],

    "@heroui/shared-utils": ["@heroui/shared-utils@2.1.7", "", {}, "sha512-1nx7y41P+Bsca7nDC+QFajAoFhSRGvjKhdFeopMQNTvU95L42PD7B0ThjcOretvQD0Ye2TsAEQInwsSgZ6kK/g=="],

    "@heroui/spinner": ["@heroui/spinner@2.2.14", "", { "dependencies": { "@heroui/react-utils": "2.1.8", "@heroui/shared-utils": "2.1.7", "@heroui/system": "2.4.13", "@heroui/system-rsc": "2.3.11" }, "peerDependencies": { "@heroui/theme": ">=2.4.6", "react": ">=18 || >=19.0.0-rc.0", "react-dom": ">=18 || >=19.0.0-rc.0" } }, "sha512-NcKRh7UZgKbf+341ZvRJRyxwYn0pus7UdVQxOu/A7bYQh4AzNVemqc0+/6s96oOtuYGNMF3Kk2v+AyDtjhyTNQ=="],

    "@heroui/system": ["@heroui/system@2.4.13", "", { "dependencies": { "@heroui/react-utils": "2.1.8", "@heroui/system-rsc": "2.3.11", "@internationalized/date": "3.7.0", "@react-aria/i18n": "3.12.7", "@react-aria/overlays": "3.26.1", "@react-aria/utils": "3.28.1", "@react-stately/utils": "3.10.5", "@react-types/datepicker": "3.11.0" }, "peerDependencies": { "framer-motion": ">=11.5.6 || >=12.0.0-alpha.1", "react": ">=18 || >=19.0.0-rc.0", "react-dom": ">=18 || >=19.0.0-rc.0" } }, "sha512-4kL9SSEt+ohEbAsFCsZC6hdjBmwghEjeYsVytkOwI0rkXfu57onlZhJqvpIMnausHFL9DJ/oxzBghvFaA7dUxw=="],

    "@heroui/system-rsc": ["@heroui/system-rsc@2.3.11", "", { "dependencies": { "@react-types/shared": "3.28.0", "clsx": "^1.2.1" }, "peerDependencies": { "@heroui/theme": ">=2.4.6", "react": ">=18 || >=19.0.0-rc.0" } }, "sha512-727eu4FtQWtg6tJ1ZM0JKQayZNoU/4wkLhtncnKQEWr5XDgbBkNfzeXMc7wkREAMoSbCV5+7zEs/qqW5sIH/fw=="],

    "@heroui/theme": ["@heroui/theme@2.4.13", "", { "dependencies": { "@heroui/shared-utils": "2.1.7", "clsx": "^1.2.1", "color": "^4.2.3", "color2k": "^2.0.3", "deepmerge": "4.3.1", "flat": "^5.0.2", "tailwind-merge": "2.5.4", "tailwind-variants": "0.3.0" }, "peerDependencies": { "tailwindcss": ">=3.4.0" } }, "sha512-W1wm/x3dx9rZXNdyvjQRueK+9ieTpT2icyttGuVEn7NWgzMhpIbEKsAwtTLZGc5zMHJE2cxJQ/jpdCR8HBe0Dw=="],

    "@heroui/use-aria-button": ["@heroui/use-aria-button@2.2.11", "", { "dependencies": { "@heroui/shared-utils": "2.1.7", "@react-aria/focus": "3.20.1", "@react-aria/interactions": "3.24.1", "@react-aria/utils": "3.28.1", "@react-types/button": "3.11.0", "@react-types/shared": "3.28.0" }, "peerDependencies": { "react": ">=18 || >=19.0.0-rc.0" } }, "sha512-C98hgimO+K3K3YH+xsBjy/PXcEcSxAMPc7Xuhiwu/wt36DuNQNyKKDZrxfq1wxMirqeXFooDxhpmrRoPng+/Lg=="],

    "@heroui/use-safe-layout-effect": ["@heroui/use-safe-layout-effect@2.1.6", "", { "peerDependencies": { "react": ">=18 || >=19.0.0-rc.0" } }, "sha512-yLT6zrlcZGJX4KKenzvR6lPS42Lf/Q0Q8ErpufLSkTdX4uk/ThGB/CRwdXfP+TPFLIfjXdsgCHgZr2ZAQJaG5Q=="],

    "@hookform/resolvers": ["@hookform/resolvers@5.0.1", "", { "dependencies": { "@standard-schema/utils": "^0.3.0" }, "peerDependencies": { "react-hook-form": "^7.55.0" } }, "sha512-u/+Jp83luQNx9AdyW2fIPGY6Y7NG68eN2ZW8FOJYL+M0i4s49+refdJdOp/A9n9HFQtQs3HIDHQvX3ZET2o7YA=="],

    "@internationalized/date": ["@internationalized/date@3.7.0", "", { "dependencies": { "@swc/helpers": "^0.5.0" } }, "sha512-VJ5WS3fcVx0bejE/YHfbDKR/yawZgKqn/if+oEeLqNwBtPzVB06olkfcnojTmEMX+gTpH+FlQ69SHNitJ8/erQ=="],

    "@internationalized/message": ["@internationalized/message@3.1.6", "", { "dependencies": { "@swc/helpers": "^0.5.0", "intl-messageformat": "^10.1.0" } }, "sha512-JxbK3iAcTIeNr1p0WIFg/wQJjIzJt9l/2KNY/48vXV7GRGZSv3zMxJsce008fZclk2cDC8y0Ig3odceHO7EfNQ=="],

    "@internationalized/number": ["@internationalized/number@3.6.0", "", { "dependencies": { "@swc/helpers": "^0.5.0" } }, "sha512-PtrRcJVy7nw++wn4W2OuePQQfTqDzfusSuY1QTtui4wa7r+rGVtR75pO8CyKvHvzyQYi3Q1uO5sY0AsB4e65Bw=="],

    "@internationalized/string": ["@internationalized/string@3.2.5", "", { "dependencies": { "@swc/helpers": "^0.5.0" } }, "sha512-rKs71Zvl2OKOHM+mzAFMIyqR5hI1d1O6BBkMK2/lkfg3fkmVh9Eeg0awcA8W2WqYqDOv6a86DIOlFpggwLtbuw=="],

    "@react-aria/button": ["@react-aria/button@3.12.1", "", { "dependencies": { "@react-aria/interactions": "^3.24.1", "@react-aria/toolbar": "3.0.0-beta.14", "@react-aria/utils": "^3.28.1", "@react-stately/toggle": "^3.8.2", "@react-types/button": "^3.11.0", "@react-types/shared": "^3.28.0", "@swc/helpers": "^0.5.0" }, "peerDependencies": { "react": "^16.8.0 || ^17.0.0-rc.1 || ^18.0.0 || ^19.0.0-rc.1", "react-dom": "^16.8.0 || ^17.0.0-rc.1 || ^18.0.0 || ^19.0.0-rc.1" } }, "sha512-IgCENCVUzjfI4nVgJ8T1z2oD81v3IO2Ku96jVljqZ/PWnFACsRikfLeo8xAob3F0LkRW4CTK4Tjy6BRDsy2l6A=="],

    "@react-aria/focus": ["@react-aria/focus@3.20.1", "", { "dependencies": { "@react-aria/interactions": "^3.24.1", "@react-aria/utils": "^3.28.1", "@react-types/shared": "^3.28.0", "@swc/helpers": "^0.5.0", "clsx": "^2.0.0" }, "peerDependencies": { "react": "^16.8.0 || ^17.0.0-rc.1 || ^18.0.0 || ^19.0.0-rc.1", "react-dom": "^16.8.0 || ^17.0.0-rc.1 || ^18.0.0 || ^19.0.0-rc.1" } }, "sha512-lgYs+sQ1TtBrAXnAdRBQrBo0/7o5H6IrfDxec1j+VRpcXL0xyk0xPq+m3lZp8typzIghqDgpnKkJ5Jf4OrzPIw=="],

    "@react-aria/form": ["@react-aria/form@3.0.14", "", { "dependencies": { "@react-aria/interactions": "^3.24.1", "@react-aria/utils": "^3.28.1", "@react-stately/form": "^3.1.2", "@react-types/shared": "^3.28.0", "@swc/helpers": "^0.5.0" }, "peerDependencies": { "react": "^16.8.0 || ^17.0.0-rc.1 || ^18.0.0 || ^19.0.0-rc.1", "react-dom": "^16.8.0 || ^17.0.0-rc.1 || ^18.0.0 || ^19.0.0-rc.1" } }, "sha512-UYoqdGetKV+4lwGnJ22sWKywobOWYBcOetiBYTlrrnCI6e5j1Jk5iLkLvesCOoI7yfWIW9Ban5Qpze5MUrXUhQ=="],

    "@react-aria/i18n": ["@react-aria/i18n@3.12.7", "", { "dependencies": { "@internationalized/date": "^3.7.0", "@internationalized/message": "^3.1.6", "@internationalized/number": "^3.6.0", "@internationalized/string": "^3.2.5", "@react-aria/ssr": "^3.9.7", "@react-aria/utils": "^3.28.1", "@react-types/shared": "^3.28.0", "@swc/helpers": "^0.5.0" }, "peerDependencies": { "react": "^16.8.0 || ^17.0.0-rc.1 || ^18.0.0 || ^19.0.0-rc.1", "react-dom": "^16.8.0 || ^17.0.0-rc.1 || ^18.0.0 || ^19.0.0-rc.1" } }, "sha512-eLbYO2xrpeOKIEmLv2KD5LFcB0wltFqS+pUjsOzkKZg6H3b6AFDmJPxr/a0x2KGHtpGJvuHwCSbpPi9PzSSQLg=="],

    "@react-aria/interactions": ["@react-aria/interactions@3.24.1", "", { "dependencies": { "@react-aria/ssr": "^3.9.7", "@react-aria/utils": "^3.28.1", "@react-stately/flags": "^3.1.0", "@react-types/shared": "^3.28.0", "@swc/helpers": "^0.5.0" }, "peerDependencies": { "react": "^16.8.0 || ^17.0.0-rc.1 || ^18.0.0 || ^19.0.0-rc.1", "react-dom": "^16.8.0 || ^17.0.0-rc.1 || ^18.0.0 || ^19.0.0-rc.1" } }, "sha512-OWEcIC6UQfWq4Td5Ptuh4PZQ4LHLJr/JL2jGYvuNL6EgL3bWvzPrRYIF/R64YbfVxIC7FeZpPSkS07sZ93/NoA=="],

    "@react-aria/label": ["@react-aria/label@3.7.16", "", { "dependencies": { "@react-aria/utils": "^3.28.1", "@react-types/shared": "^3.28.0", "@swc/helpers": "^0.5.0" }, "peerDependencies": { "react": "^16.8.0 || ^17.0.0-rc.1 || ^18.0.0 || ^19.0.0-rc.1", "react-dom": "^16.8.0 || ^17.0.0-rc.1 || ^18.0.0 || ^19.0.0-rc.1" } }, "sha512-tPog3rc5pQ9s2/5bIBtmHtbj+Ebqs2yyJgJdFjZ1/HxrjF8HMrgtBPHCn/70YD5XvmuC3OSkua84kLjNX5rBbA=="],

    "@react-aria/overlays": ["@react-aria/overlays@3.26.1", "", { "dependencies": { "@react-aria/focus": "^3.20.1", "@react-aria/i18n": "^3.12.7", "@react-aria/interactions": "^3.24.1", "@react-aria/ssr": "^3.9.7", "@react-aria/utils": "^3.28.1", "@react-aria/visually-hidden": "^3.8.21", "@react-stately/overlays": "^3.6.14", "@react-types/button": "^3.11.0", "@react-types/overlays": "^3.8.13", "@react-types/shared": "^3.28.0", "@swc/helpers": "^0.5.0" }, "peerDependencies": { "react": "^16.8.0 || ^17.0.0-rc.1 || ^18.0.0 || ^19.0.0-rc.1", "react-dom": "^16.8.0 || ^17.0.0-rc.1 || ^18.0.0 || ^19.0.0-rc.1" } }, "sha512-AtQ0mp+H0alFFkojKBADEUIc1AKFsSobH4QNoxQa3V4bZKQoXxga7cRhD5RRYanu3XCQOkIxZJ3vdVK/LVVBXA=="],

    "@react-aria/ssr": ["@react-aria/ssr@3.9.7", "", { "dependencies": { "@swc/helpers": "^0.5.0" }, "peerDependencies": { "react": "^16.8.0 || ^17.0.0-rc.1 || ^18.0.0 || ^19.0.0-rc.1" } }, "sha512-GQygZaGlmYjmYM+tiNBA5C6acmiDWF52Nqd40bBp0Znk4M4hP+LTmI0lpI1BuKMw45T8RIhrAsICIfKwZvi2Gg=="],

    "@react-aria/textfield": ["@react-aria/textfield@3.17.1", "", { "dependencies": { "@react-aria/form": "^3.0.14", "@react-aria/interactions": "^3.24.1", "@react-aria/label": "^3.7.16", "@react-aria/utils": "^3.28.1", "@react-stately/form": "^3.1.2", "@react-stately/utils": "^3.10.5", "@react-types/shared": "^3.28.0", "@react-types/textfield": "^3.12.0", "@swc/helpers": "^0.5.0" }, "peerDependencies": { "react": "^16.8.0 || ^17.0.0-rc.1 || ^18.0.0 || ^19.0.0-rc.1", "react-dom": "^16.8.0 || ^17.0.0-rc.1 || ^18.0.0 || ^19.0.0-rc.1" } }, "sha512-W/4nBdyXTOFPQXJ8eRK+74QFIpGR+x24SRjdl+y3WO6gFJNiiopWj8+slSK/T8LoD3g3QlzrtX/ooVQHCG3uQw=="],

    "@react-aria/toolbar": ["@react-aria/toolbar@3.0.0-beta.14", "", { "dependencies": { "@react-aria/focus": "^3.20.1", "@react-aria/i18n": "^3.12.7", "@react-aria/utils": "^3.28.1", "@react-types/shared": "^3.28.0", "@swc/helpers": "^0.5.0" }, "peerDependencies": { "react": "^16.8.0 || ^17.0.0-rc.1 || ^18.0.0 || ^19.0.0-rc.1", "react-dom": "^16.8.0 || ^17.0.0-rc.1 || ^18.0.0 || ^19.0.0-rc.1" } }, "sha512-F9wFYhcbVUveo6+JfAjKyz19BnBaXBYG7YyZdGurhn5E1bD+Zrwz/ZCTrrx40xJsbofciCiiwnKiXmzB20Kl5Q=="],

    "@react-aria/utils": ["@react-aria/utils@3.28.1", "", { "dependencies": { "@react-aria/ssr": "^3.9.7", "@react-stately/flags": "^3.1.0", "@react-stately/utils": "^3.10.5", "@react-types/shared": "^3.28.0", "@swc/helpers": "^0.5.0", "clsx": "^2.0.0" }, "peerDependencies": { "react": "^16.8.0 || ^17.0.0-rc.1 || ^18.0.0 || ^19.0.0-rc.1", "react-dom": "^16.8.0 || ^17.0.0-rc.1 || ^18.0.0 || ^19.0.0-rc.1" } }, "sha512-mnHFF4YOVu9BRFQ1SZSKfPhg3z+lBRYoW5mLcYTQihbKhz48+I1sqRkP7ahMITr8ANH3nb34YaMME4XWmK2Mgg=="],

    "@react-aria/visually-hidden": ["@react-aria/visually-hidden@3.8.21", "", { "dependencies": { "@react-aria/interactions": "^3.24.1", "@react-aria/utils": "^3.28.1", "@react-types/shared": "^3.28.0", "@swc/helpers": "^0.5.0" }, "peerDependencies": { "react": "^16.8.0 || ^17.0.0-rc.1 || ^18.0.0 || ^19.0.0-rc.1", "react-dom": "^16.8.0 || ^17.0.0-rc.1 || ^18.0.0 || ^19.0.0-rc.1" } }, "sha512-iii5qO+cVHrHiOeiBYCnTRUQG2eOgEPFmiMG4dAuby8+pJJ8U4BvffX2sDTYWL6ztLLBYyrsUHPSw1Ld03JhmA=="],

    "@react-stately/flags": ["@react-stately/flags@3.1.0", "", { "dependencies": { "@swc/helpers": "^0.5.0" } }, "sha512-KSHOCxTFpBtxhIRcKwsD1YDTaNxFtCYuAUb0KEihc16QwqZViq4hasgPBs2gYm7fHRbw7WYzWKf6ZSo/+YsFlg=="],

    "@react-stately/form": ["@react-stately/form@3.1.2", "", { "dependencies": { "@react-types/shared": "^3.28.0", "@swc/helpers": "^0.5.0" }, "peerDependencies": { "react": "^16.8.0 || ^17.0.0-rc.1 || ^18.0.0 || ^19.0.0-rc.1" } }, "sha512-sKgkV+rxeqM1lf0dCq2wWzdYa5Z0wz/MB3yxjodffy8D43PjFvUOMWpgw/752QHPGCd1XIxA3hE58Dw9FFValg=="],

    "@react-stately/overlays": ["@react-stately/overlays@3.6.14", "", { "dependencies": { "@react-stately/utils": "^3.10.5", "@react-types/overlays": "^3.8.13", "@swc/helpers": "^0.5.0" }, "peerDependencies": { "react": "^16.8.0 || ^17.0.0-rc.1 || ^18.0.0 || ^19.0.0-rc.1" } }, "sha512-RRalTuHdwrKO1BmXKaqBtE1GGUXU4VUAWwgh4lsP2EFSixDHmOVLxHFDWYvOPChBhpi8KXfLEgm6DEgPBvLBZQ=="],

    "@react-stately/toggle": ["@react-stately/toggle@3.8.2", "", { "dependencies": { "@react-stately/utils": "^3.10.5", "@react-types/checkbox": "^3.9.2", "@react-types/shared": "^3.28.0", "@swc/helpers": "^0.5.0" }, "peerDependencies": { "react": "^16.8.0 || ^17.0.0-rc.1 || ^18.0.0 || ^19.0.0-rc.1" } }, "sha512-5KPpT6zvt8H+WC9UbubhCTZltREeYb/3hKdl4YkS7BbSOQlHTFC0pOk8SsQU70Pwk26jeVHbl5le/N8cw00x8w=="],

    "@react-stately/utils": ["@react-stately/utils@3.10.5", "", { "dependencies": { "@swc/helpers": "^0.5.0" }, "peerDependencies": { "react": "^16.8.0 || ^17.0.0-rc.1 || ^18.0.0 || ^19.0.0-rc.1" } }, "sha512-iMQSGcpaecghDIh3mZEpZfoFH3ExBwTtuBEcvZ2XnGzCgQjeYXcMdIUwAfVQLXFTdHUHGF6Gu6/dFrYsCzySBQ=="],

    "@react-types/button": ["@react-types/button@3.11.0", "", { "dependencies": { "@react-types/shared": "^3.28.0" }, "peerDependencies": { "react": "^16.8.0 || ^17.0.0-rc.1 || ^18.0.0 || ^19.0.0-rc.1" } }, "sha512-gJh5i0JiBiZGZGDo+tXMp6xbixPM7IKZ0sDuxTYBG49qNzzWJq0uNYltO3emwSVXFSsBgRV/Wu8kQGhfuN7wIw=="],

    "@react-types/calendar": ["@react-types/calendar@3.6.1", "", { "dependencies": { "@internationalized/date": "^3.7.0", "@react-types/shared": "^3.28.0" }, "peerDependencies": { "react": "^16.8.0 || ^17.0.0-rc.1 || ^18.0.0 || ^19.0.0-rc.1" } }, "sha512-EMbFJX/3gD5j+R0qZEGqK+wlhBxMSHhGP8GqP9XGbpuJPE3w9/M/PVWdh8FUdzf9srYxPOq5NgiGI1JUJvdZqw=="],

    "@react-types/checkbox": ["@react-types/checkbox@3.9.2", "", { "dependencies": { "@react-types/shared": "^3.28.0" }, "peerDependencies": { "react": "^16.8.0 || ^17.0.0-rc.1 || ^18.0.0 || ^19.0.0-rc.1" } }, "sha512-BruOLjr9s0BS2+G1Q2ZZ0ubnSTG54hZWr59lCHXaLxMdA/+KVsR6JVMQuYKsW0P8RDDlQXE/QGz3n9yB/Ara4A=="],

    "@react-types/datepicker": ["@react-types/datepicker@3.11.0", "", { "dependencies": { "@internationalized/date": "^3.7.0", "@react-types/calendar": "^3.6.1", "@react-types/overlays": "^3.8.13", "@react-types/shared": "^3.28.0" }, "peerDependencies": { "react": "^16.8.0 || ^17.0.0-rc.1 || ^18.0.0 || ^19.0.0-rc.1" } }, "sha512-GAYgPzqKvd1lR2sLYYMlUkNg2+QoM2uVUmpeQLP1SbYpDr1y8lG5cR54em1G4X/qY4+nCWGiwhRC2veP0D0kfA=="],

    "@react-types/form": ["@react-types/form@3.7.10", "", { "dependencies": { "@react-types/shared": "^3.28.0" }, "peerDependencies": { "react": "^16.8.0 || ^17.0.0-rc.1 || ^18.0.0 || ^19.0.0-rc.1" } }, "sha512-PPn1OH/QlQLPaoFqp9EMVSlNk41aiNLwPaMyRhzYvFBGLmtbuX+7JCcH2DgV1peq3KAuUKRDdI2M1iVdHYwMPw=="],

    "@react-types/overlays": ["@react-types/overlays@3.8.13", "", { "dependencies": { "@react-types/shared": "^3.28.0" }, "peerDependencies": { "react": "^16.8.0 || ^17.0.0-rc.1 || ^18.0.0 || ^19.0.0-rc.1" } }, "sha512-xgT843KIh1otvYPQ6kCGTVUICiMF5UQ7SZUQZd4Zk3VtiFIunFVUvTvL03cpt0026UmY7tbv7vFrPKcT6xjsjw=="],

    "@react-types/shared": ["@react-types/shared@3.28.0", "", { "peerDependencies": { "react": "^16.8.0 || ^17.0.0-rc.1 || ^18.0.0 || ^19.0.0-rc.1" } }, "sha512-9oMEYIDc3sk0G5rysnYvdNrkSg7B04yTKl50HHSZVbokeHpnU0yRmsDaWb9B/5RprcKj8XszEk5guBO8Sa/Q+Q=="],

    "@react-types/textfield": ["@react-types/textfield@3.12.0", "", { "dependencies": { "@react-types/shared": "^3.28.0" }, "peerDependencies": { "react": "^16.8.0 || ^17.0.0-rc.1 || ^18.0.0 || ^19.0.0-rc.1" } }, "sha512-B0vzCIBUbYWrlFk+odVXrSmPYwds9G+G+HiOO/sJr4eZ4RYiIqnFbZ7qiWhWXaou7vi71iXVqKQ8mxA6bJwPEQ=="],

    "@standard-schema/utils": ["@standard-schema/utils@0.3.0", "", {}, "sha512-e7Mew686owMaPJVNNLs55PUvgz371nKgwsc4vxE49zsODpJEnxgxRo2y/OKrqueavXgZNMDVj3DdHFlaSAeU8g=="],

    "@swc/helpers": ["@swc/helpers@0.5.15", "", { "dependencies": { "tslib": "^2.8.0" } }, "sha512-JQ5TuMi45Owi4/BIMAJBoSQoOJu12oOk/gADqlcUL9JEdHB8vyjUSsxqeNXnmXHjYKMi2WcYtezGEEhqUI/E2g=="],

    "@types/prop-types": ["@types/prop-types@15.7.14", "", {}, "sha512-gNMvNH49DJ7OJYv+KAKn0Xp45p8PLl6zo2YnvDIbTd4J6MER2BmWN49TG7n9LvkyihINxeKW8+3bfS2yDC9dzQ=="],

    "@types/react": ["@types/react@18.3.20", "", { "dependencies": { "@types/prop-types": "*", "csstype": "^3.0.2" } }, "sha512-IPaCZN7PShZK/3t6Q87pfTkRm6oLTd4vztyoj+cbHUF1g3FfVb2tFIL79uCRKEfv16AhqDMBywP2VW3KIZUvcg=="],

    "@types/react-dom": ["@types/react-dom@18.3.6", "", { "peerDependencies": { "@types/react": "^18.0.0" } }, "sha512-nf22//wEbKXusP6E9pfOCDwFdHAX4u172eaJI4YkDRQEZiorm6KfYnSC2SWLDMVWUOWPERmJnN0ujeAfTBLvrw=="],

    "clsx": ["clsx@1.2.1", "", {}, "sha512-EcR6r5a8bj6pu3ycsa/E/cKVGuTgZJZdsyUYHOksG/UHIiKfjxzRxYJpyVBwYaQeOvghal9fcc4PidlgzugAQg=="],

    "color": ["color@4.2.3", "", { "dependencies": { "color-convert": "^2.0.1", "color-string": "^1.9.0" } }, "sha512-1rXeuUUiGGrykh+CeBdu5Ie7OJwinCgQY0bc7GCRxy5xVHy+moaqkpL/jqQq0MtQOeYcrqEz4abc5f0KtU7W4A=="],

    "color-convert": ["color-convert@2.0.1", "", { "dependencies": { "color-name": "~1.1.4" } }, "sha512-RRECPsj7iu/xb5oKYcsFHSppFNnsj/52OVTRKb4zP5onXwVF3zVmmToNcOfGC+CRDpfK/U584fMg38ZHCaElKQ=="],

    "color-name": ["color-name@1.1.4", "", {}, "sha512-dOy+3AuW3a2wNbZHIuMZpTcgjGuLU/uBL/ubcZF9OXbDo8ff4O8yVp5Bf0efS8uEoYo5q4Fx7dY9OgQGXgAsQA=="],

    "color-string": ["color-string@1.9.1", "", { "dependencies": { "color-name": "^1.0.0", "simple-swizzle": "^0.2.2" } }, "sha512-shrVawQFojnZv6xM40anx4CkoDP+fZsw/ZerEMsW/pyzsRbElpsL/DBVW7q3ExxwusdNXI3lXpuhEZkzs8p5Eg=="],

    "color2k": ["color2k@2.0.3", "", {}, "sha512-zW190nQTIoXcGCaU08DvVNFTmQhUpnJfVuAKfWqUQkflXKpaDdpaYoM0iluLS9lgJNHyBF58KKA2FBEwkD7wog=="],

    "csstype": ["csstype@3.1.3", "", {}, "sha512-M1uQkMl8rQK/szD0LNhtqxIPLpimGm8sOBwU7lLnCpSbTyY3yeU1Vc7l4KT5zT4s/yOxHH5O7tIuuLOCnLADRw=="],

    "decimal.js": ["decimal.js@10.5.0", "", {}, "sha512-8vDa8Qxvr/+d94hSh5P3IJwI5t8/c0KsMp+g8bNw9cY2icONa5aPfvKeieW1WlG0WQYwwhJ7mjui2xtiePQSXw=="],

    "deepmerge": ["deepmerge@4.3.1", "", {}, "sha512-3sUqbMEc77XqpdNO7FRyRog+eW3ph+GYCbj+rK+uYyRMuwsVy0rMiVtPn+QJlKFvWP/1PYpapqYn0Me2knFn+A=="],

    "flat": ["flat@5.0.2", "", { "bin": { "flat": "cli.js" } }, "sha512-b6suED+5/3rTpUBdG1gupIl8MPFCAMA0QXwmljLhvCUKcUvdE4gWky9zpuGCcXHOsz4J9wPGNWq6OKpmIzz3hQ=="],

    "framer-motion": ["framer-motion@12.6.3", "", { "dependencies": { "motion-dom": "^12.6.3", "motion-utils": "^12.6.3", "tslib": "^2.4.0" }, "peerDependencies": { "@emotion/is-prop-valid": "*", "react": "^18.0.0 || ^19.0.0", "react-dom": "^18.0.0 || ^19.0.0" }, "optionalPeers": ["@emotion/is-prop-valid", "react", "react-dom"] }, "sha512-2hsqknz23aloK85bzMc9nSR2/JP+fValQ459ZTVElFQ0xgwR2YqNjYSuDZdFBPOwVCt4Q9jgyTt6hg6sVOALzw=="],

    "intl-messageformat": ["intl-messageformat@10.7.16", "", { "dependencies": { "@formatjs/ecma402-abstract": "2.3.4", "@formatjs/fast-memoize": "2.2.7", "@formatjs/icu-messageformat-parser": "2.11.2", "tslib": "^2.8.0" } }, "sha512-UmdmHUmp5CIKKjSoE10la5yfU+AYJAaiYLsodbjL4lji83JNvgOQUjGaGhGrpFCb0Uh7sl7qfP1IyILa8Z40ug=="],

    "is-arrayish": ["is-arrayish@0.3.2", "", {}, "sha512-eVRqCvVlZbuw3GrM63ovNSNAeA1K16kaR/LRY/92w0zxQ5/1YzwblUX652i4Xs9RwAGjW9d9y6X88t8OaAJfWQ=="],

    "js-tokens": ["js-tokens@4.0.0", "", {}, "sha512-RdJUflcE3cUzKiMqQgsCu06FPu9UdIJO0beYbPhHN4k6apgJtifcoCtT9bcxOpYBtpD2kCM6Sbzg4CausW/PKQ=="],

    "loose-envify": ["loose-envify@1.4.0", "", { "dependencies": { "js-tokens": "^3.0.0 || ^4.0.0" }, "bin": { "loose-envify": "cli.js" } }, "sha512-lyuxPGr/Wfhrlem2CL/UcnUc1zcqKAImBDzukY7Y5F/yQiNdko6+fRLevlw1HgMySw7f611UIY408EtxRSoK3Q=="],

    "motion-dom": ["motion-dom@12.6.3", "", { "dependencies": { "motion-utils": "^12.6.3" } }, "sha512-gRY08RjcnzgFYLemUZ1lo/e9RkBxR+6d4BRvoeZDSeArG4XQXERSPapKl3LNQRu22Sndjf1h+iavgY0O4NrYqA=="],

    "motion-utils": ["motion-utils@12.6.3", "", {}, "sha512-R/b3Ia2VxtTNZ4LTEO5pKYau1OUNHOuUfxuP0WFCTDYdHkeTBR9UtxR1cc8mDmKr8PEhmmfnTKGz3rSMjNRoRg=="],

    "react": ["react@18.3.1", "", { "dependencies": { "loose-envify": "^1.1.0" } }, "sha512-wS+hAgJShR0KhEvPJArfuPVN1+Hz1t0Y6n5jLrGQbkb4urgPE/0Rve+1kMB1v/oWgHgm4WIcV+i7F2pTVj+2iQ=="],

    "react-dom": ["react-dom@18.3.1", "", { "dependencies": { "loose-envify": "^1.1.0", "scheduler": "^0.23.2" }, "peerDependencies": { "react": "^18.3.1" } }, "sha512-5m4nQKp+rZRb09LNH59GM4BxTh9251/ylbKIbpe7TpGxfJ+9kv6BLkLBXIjjspbgbnIBNqlI23tRnTWT0snUIw=="],

    "react-hook-form": ["react-hook-form@7.55.0", "", { "peerDependencies": { "react": "^16.8.0 || ^17 || ^18 || ^19" } }, "sha512-XRnjsH3GVMQz1moZTW53MxfoWN7aDpUg/GpVNc4A3eXRVNdGXfbzJ4vM4aLQ8g6XCUh1nIbx70aaNCl7kxnjog=="],

    "react-textarea-autosize": ["react-textarea-autosize@8.5.9", "", { "dependencies": { "@babel/runtime": "^7.20.13", "use-composed-ref": "^1.3.0", "use-latest": "^1.2.1" }, "peerDependencies": { "react": "^16.8.0 || ^17.0.0 || ^18.0.0 || ^19.0.0" } }, "sha512-U1DGlIQN5AwgjTyOEnI1oCcMuEr1pv1qOtklB2l4nyMGbHzWrI0eFsYK0zos2YWqAolJyG0IWJaqWmWj5ETh0A=="],

    "regenerator-runtime": ["regenerator-runtime@0.14.1", "", {}, "sha512-dYnhHh0nJoMfnkZs6GmmhFknAGRrLznOu5nc9ML+EJxGvrx6H7teuevqVqCuPcPK//3eDrrjQhehXVx9cnkGdw=="],

    "scheduler": ["scheduler@0.23.2", "", { "dependencies": { "loose-envify": "^1.1.0" } }, "sha512-UOShsPwz7NrMUqhR6t0hWjFduvOzbtv7toDH1/hIrfRNIDBnnBWd0CwJTGvTpngVlmwGCdP9/Zl/tVrDqcuYzQ=="],

    "simple-swizzle": ["simple-swizzle@0.2.2", "", { "dependencies": { "is-arrayish": "^0.3.1" } }, "sha512-JA//kQgZtbuY83m+xT+tXJkmJncGMTFT+C+g2h2R9uxkYIrE2yy9sgmcLhCnw57/WSD+Eh3J97FPEDFnbXnDUg=="],

    "tailwind-merge": ["tailwind-merge@2.5.4", "", {}, "sha512-0q8cfZHMu9nuYP/b5Shb7Y7Sh1B7Nnl5GqNr1U+n2p6+mybvRtayrQ+0042Z5byvTA8ihjlP8Odo8/VnHbZu4Q=="],

    "tailwind-variants": ["tailwind-variants@0.3.0", "", { "dependencies": { "tailwind-merge": "^2.5.4" }, "peerDependencies": { "tailwindcss": "*" } }, "sha512-ho2k5kn+LB1fT5XdNS3Clb96zieWxbStE9wNLK7D0AV64kdZMaYzAKo0fWl6fXLPY99ffF9oBJnIj5escEl/8A=="],

    "tailwindcss": ["tailwindcss@4.1.3", "", {}, "sha512-2Q+rw9vy1WFXu5cIxlvsabCwhU2qUwodGq03ODhLJ0jW4ek5BUtoCsnLB0qG+m8AHgEsSJcJGDSDe06FXlP74g=="],

    "tslib": ["tslib@2.8.1", "", {}, "sha512-oJFu94HQb+KVduSUQL7wnpmqnfmLsOA/nAh6b6EH0wCEoK0/mPeXU6c3wKDV83MkOuHPRHtSXKKU99IBazS/2w=="],

    "typescript": ["typescript@5.8.3", "", { "bin": { "tsc": "bin/tsc", "tsserver": "bin/tsserver" } }, "sha512-p1diW6TqL9L07nNxvRMM7hMMw4c5XOo/1ibL4aAIGmSAt9slTE1Xgw5KWuof2uTOvCg9BY7ZRi+GaF+7sfgPeQ=="],

    "use-composed-ref": ["use-composed-ref@1.4.0", "", { "peerDependencies": { "react": "^16.8.0 || ^17.0.0 || ^18.0.0 || ^19.0.0" } }, "sha512-djviaxuOOh7wkj0paeO1Q/4wMZ8Zrnag5H6yBvzN7AKKe8beOaED9SF5/ByLqsku8NP4zQqsvM2u3ew/tJK8/w=="],

    "use-isomorphic-layout-effect": ["use-isomorphic-layout-effect@1.2.0", "", { "peerDependencies": { "react": "^16.8.0 || ^17.0.0 || ^18.0.0 || ^19.0.0" } }, "sha512-q6ayo8DWoPZT0VdG4u3D3uxcgONP3Mevx2i2b0434cwWBoL+aelL1DzkXI6w3PhTZzUeR2kaVlZn70iCiseP6w=="],

    "use-latest": ["use-latest@1.3.0", "", { "dependencies": { "use-isomorphic-layout-effect": "^1.1.1" }, "peerDependencies": { "react": "^16.8.0 || ^17.0.0 || ^18.0.0 || ^19.0.0" } }, "sha512-mhg3xdm9NaM8q+gLT8KryJPnRFOz1/5XPBhmDEVZK1webPzDjrPk7f/mbpeLqTgB9msytYWANxgALOCJKnLvcQ=="],

    "@react-aria/focus/clsx": ["clsx@2.1.1", "", {}, "sha512-eYm0QWBtUrBWZWG0d386OGAw16Z995PiOVo2B7bjWSbHedGl5e0ZWaq65kOGgUSNesEIDkB9ISbTg/JK9dhCZA=="],

    "@react-aria/utils/clsx": ["clsx@2.1.1", "", {}, "sha512-eYm0QWBtUrBWZWG0d386OGAw16Z995PiOVo2B7bjWSbHedGl5e0ZWaq65kOGgUSNesEIDkB9ISbTg/JK9dhCZA=="],
  }
}
